
Microsoft Visual Studio Solution File, Format Version 12.00
# Visual Studio Version 16
VisualStudioVersion = 16.0.29509.3
MinimumVisualStudioVersion = 10.0.40219.1
Project("{FAE04EC0-301F-11D3-BF4B-00C04F79EFBC}") = "WebAPI", "WebAPI\WebAPI.csproj", "{133D2EE9-199C-44C5-B868-F9FDE4C3E11E}"
EndProject
Global
	GlobalSection(SolutionConfigurationPlatforms) = preSolution
		Debug|Any CPU = Debug|Any CPU
		Release|Any CPU = Release|Any CPU
	EndGlobalSection
	GlobalSection(ProjectConfigurationPlatforms) = postSolution
		{133D2EE9-199C-44C5-B868-F9FDE4C3E11E}.Debug|Any CPU.ActiveCfg = Debug|Any CPU
		{133D2EE9-199C-44C5-B868-F9FDE4C3E11E}.Debug|Any CPU.Build.0 = Debug|Any CPU
		{133D2EE9-199C-44C5-B868-F9FDE4C3E11E}.Release|Any CPU.ActiveCfg = Release|Any CPU
		{133D2EE9-199C-44C5-B868-F9FDE4C3E11E}.Release|Any CPU.Build.0 = Release|Any CPU
	EndGlobalSection
	GlobalSection(SolutionProperties) = preSolution
		HideSolutionNode = FALSE
	EndGlobalSection
	GlobalSection(ExtensibilityGlobals) = postSolution
		SolutionGuid = {0E90C880-7518-476D-8F9C-0CEA254B5BA4}
	EndGlobalSection
EndGlobal
